github.com/google/renameio v0.1.0 h1:GOZbcHa3HfsPKPlmyPyN2KEohoMXOhdMbHrvbpl2QaA=
github.com/google/renameio v0.1.0/go.mod h1:KWCgfxg9yswjAJkECMjeO8J8rahYeXnNhOm40UhjYkI=
github.com/google/renameio v0.1.1-0.20200217212219-353f81969824 h1:9q700G0beHecUuiZOuKgNqNsGQixTeDLnzVZ5nsW3lc=
github.com/google/renameio v0.1.1-0.20200217212219-353f81969824/go.mod h1:t/HQoYBZSsWSNK35C6CO/TpPLDVWvxOHboWUAweKUpk=
